
Microsoft Visual Studio Solution File, Format Version 12.00
# Visual Studio Version 17
VisualStudioVersion = 17.5.33516.290
MinimumVisualStudioVersion = 10.0.40219.1
Project("{9A19103F-16F7-4668-BE54-9A1E7A4F7556}") = "SpaceGame", "SpaceGame.csproj", "{55B9FD96-B046-4594-A568-A91A0DC9FD0D}"
EndProject
Global
	GlobalSection(SolutionConfigurationPlatforms) = preSolution
		Debug|Any CPU = Debug|Any CPU
		Release|Any CPU = Release|Any CPU
	EndGlobalSection
	GlobalSection(ProjectConfigurationPlatforms) = postSolution
		{55B9FD96-B046-4594-A568-A91A0DC9FD0D}.Debug|Any CPU.ActiveCfg = Debug|Any CPU
		{55B9FD96-B046-4594-A568-A91A0DC9FD0D}.Debug|Any CPU.Build.0 = Debug|Any CPU
		{55B9FD96-B046-4594-A568-A91A0DC9FD0D}.Release|Any CPU.ActiveCfg = Release|Any CPU
		{55B9FD96-B046-4594-A568-A91A0DC9FD0D}.Release|Any CPU.Build.0 = Release|Any CPU
	EndGlobalSection
	GlobalSection(SolutionProperties) = preSolution
		HideSolutionNode = FALSE
	EndGlobalSection
	GlobalSection(ExtensibilityGlobals) = postSolution
		SolutionGuid = {C3982696-45B6-4C7F-B900-54047C675E9E}
	EndGlobalSection
EndGlobal
