
Microsoft Visual Studio Solution File, Format Version 12.00
# Visual Studio Version 17
VisualStudioVersion = 17.5.33424.131
MinimumVisualStudioVersion = 10.0.40219.1
Project("{FAE04EC0-301F-11D3-BF4B-00C04F79EFBC}") = "ShapeDrawer", "ShapeDrawer\ShapeDrawer.csproj", "{D969BE4B-6637-4558-B371-1683A70DE76A}"
EndProject
Global
	GlobalSection(SolutionConfigurationPlatforms) = preSolution
		Debug|Any CPU = Debug|Any CPU
		Release|Any CPU = Release|Any CPU
	EndGlobalSection
	GlobalSection(ProjectConfigurationPlatforms) = postSolution
		{D969BE4B-6637-4558-B371-1683A70DE76A}.Debug|Any CPU.ActiveCfg = Debug|Any CPU
		{D969BE4B-6637-4558-B371-1683A70DE76A}.Debug|Any CPU.Build.0 = Debug|Any CPU
		{D969BE4B-6637-4558-B371-1683A70DE76A}.Release|Any CPU.ActiveCfg = Release|Any CPU
		{D969BE4B-6637-4558-B371-1683A70DE76A}.Release|Any CPU.Build.0 = Release|Any CPU
	EndGlobalSection
	GlobalSection(SolutionProperties) = preSolution
		HideSolutionNode = FALSE
	EndGlobalSection
	GlobalSection(ExtensibilityGlobals) = postSolution
		SolutionGuid = {0884980E-87D2-44FD-B619-828F99C7136E}
	EndGlobalSection
EndGlobal
